PODS:
  - connectivity (0.0.1):
    - Flutter
    - Reachability
  - Flutter (1.0.0)
  - flutter_chat_bubble (0.0.1):
    - Flutter
  - hexcolor (0.0.1):
    - Flutter
  - image_picker (0.0.1):
    - Flutter
  - path_provider (0.0.1):
    - Flutter
  - Reachability (3.2)

DEPENDENCIES:
  - connectivity (from `.symlinks/plugins/connectivity/ios`)
  - Flutter (from `Flutter`)
  - flutter_chat_bubble (from `.symlinks/plugins/flutter_chat_bubble/ios`)
  - hexcolor (from `.symlinks/plugins/hexcolor/ios`)
  - image_picker (from `.symlinks/plugins/image_picker/ios`)
  - path_provider (from `.symlinks/plugins/path_provider/ios`)

SPEC REPOS:
  trunk:
    - Reachability

EXTERNAL SOURCES:
  connectivity:
    :path: ".symlinks/plugins/connectivity/ios"
  Flutter:
    :path: Flutter
  flutter_chat_bubble:
    :path: ".symlinks/plugins/flutter_chat_bubble/ios"
  hexcolor:
    :path: ".symlinks/plugins/hexcolor/ios"
  image_picker:
    :path: ".symlinks/plugins/image_picker/ios"
  path_provider:
    :path: ".symlinks/plugins/path_provider/ios"

SPEC CHECKSUMS:
  connectivity: c4130b2985d4ef6fd26f9702e886bd5260681467
  Flutter: 434fef37c0980e73bb6479ef766c45957d4b510c
  flutter_chat_bubble: cad6265ec611ba0f7bede70eabc26fdfce9bf2b0
  hexcolor: fdfb9c4258ad96e949c2dbcdf790a62194b8aa89
  image_picker: 50e7c7ff960e5f58faa4d1f4af84a771c671bc4a
  path_provider: abfe2b5c733d04e238b0d8691db0cfd63a27a93c
  Reachability: 33e18b67625424e47b6cde6d202dce689ad7af96

PODFILE CHECKSUM: aafe91acc616949ddb318b77800a7f51bffa2a4c

COCOAPODS: 1.10.0.beta.2
